// !$*UTF8*$!
{
	archiveVersion = 1;
	classes = {
	};
	objectVersion = 46;
	objects = {

/* Begin PBXBuildFile section */
		97BADDC318435957004AAE2B /* UIKit.framework in Frameworks */ = {isa = PBXBuildFile; fileRef = 97BADDC218435957004AAE2B /* UIKit.framework */; };
		97BADDC518435957004AAE2B /* Foundation.framework in Frameworks */ = {isa = PBXBuildFile; fileRef = 97BADDC418435957004AAE2B /* Foundation.framework */; };
		97BADDC718435957004AAE2B /* CoreGraphics.framework in Frameworks */ = {isa = PBXBuildFile; fileRef = 97BADDC618435957004AAE2B /* CoreGraphics.framework */; };
		97BADDCD18435957004AAE2B /* InfoPlist.strings in Resources */ = {isa = PBXBuildFile; fileRef = 97BADDCB18435957004AAE2B /* InfoPlist.strings */; };
		97BADDCF18435957004AAE2B /* main.m in Sources */ = {isa = PBXBuildFile; fileRef = 97BADDCE18435957004AAE2B /* main.m */; };
		97BADDD318435957004AAE2B /* ocalles_at_gmail_com_examplesAppDelegate.m in Sources */ = {isa = PBXBuildFile; fileRef = 97BADDD218435957004AAE2B /* ocalles_at_gmail_com_examplesAppDelegate.m */; };
		97BADDD518435957004AAE2B /* Default.png in Resources */ = {isa = PBXBuildFile; fileRef = 97BADDD418435957004AAE2B /* Default.png */; };
		97BADDD718435957004AAE2B /* Default@2x.png in Resources */ = {isa = PBXBuildFile; fileRef = 97BADDD618435957004AAE2B /* Default@2x.png */; };
		97BADDD918435957004AAE2B /* Default-568h@2x.png in Resources */ = {isa = PBXBuildFile; fileRef = 97BADDD818435957004AAE2B /* Default-568h@2x.png */; };
		97BADDDC18435957004AAE2B /* ocalles_at_gmail_com_examplesViewController.m in Sources */ = {isa = PBXBuildFile; fileRef = 97BADDDB18435957004AAE2B /* ocalles_at_gmail_com_examplesViewController.m */; };
		97BADDDF18435957004AAE2B /* ocalles_at_gmail_com_examplesViewController.xib in Resources */ = {isa = PBXBuildFile; fileRef = 97BADDDD18435957004AAE2B /* ocalles_at_gmail_com_examplesViewController.xib */; };
/* End PBXBuildFile section */

/* Begin PBXFileReference section */
		97BADDBF18435957004AAE2B /* GitHubExample.app */ = {isa = PBXFileReference; explicitFileType = wrapper.application; includeInIndex = 0; path = GitHubExample.app; sourceTree = BUILT_PRODUCTS_DIR; };
		97BADDC218435957004AAE2B /* UIKit.framework */ = {isa = PBXFileReference; lastKnownFileType = wrapper.framework; name = UIKit.framework; path = System/Library/Frameworks/UIKit.framework; sourceTree = SDKROOT; };
		97BADDC418435957004AAE2B /* Foundation.framework */ = {isa = PBXFileReference; lastKnownFileType = wrapper.framework; name = Foundation.framework; path = System/Library/Frameworks/Foundation.framework; sourceTree = SDKROOT; };
		97BADDC618435957004AAE2B /* CoreGraphics.framework */ = {isa = PBXFileReference; lastKnownFileType = wrapper.framework; name = CoreGraphics.framework; path = System/Library/Frameworks/CoreGraphics.framework; sourceTree = SDKROOT; };
		97BADDCA18435957004AAE2B /* GitHubExample-Info.plist */ = {isa = PBXFileReference; lastKnownFileType = text.plist.xml; path = "GitHubExample-Info.plist"; sourceTree = "<group>"; };
		97BADDCC18435957004AAE2B /* en */ = {isa = PBXFileReference; lastKnownFileType = text.plist.strings; name = en; path = en.lproj/InfoPlist.strings; sourceTree = "<group>"; };
		97BADDCE18435957004AAE2B /* main.m */ = {isa = PBXFileReference; lastKnownFileType = sourcecode.c.objc; path = main.m; sourceTree = "<group>"; };
		97BADDD018435957004AAE2B /* GitHubExample-Prefix.pch */ = {isa = PBXFileReference; lastKnownFileType = sourcecode.c.h; path = "GitHubExample-Prefix.pch"; sourceTree = "<group>"; };
		97BADDD118435957004AAE2B /* ocalles_at_gmail_com_examplesAppDelegate.h */ = {isa = PBXFileReference; lastKnownFileType = sourcecode.c.h; path = ocalles_at_gmail_com_examplesAppDelegate.h; sourceTree = "<group>"; };
		97BADDD218435957004AAE2B /* ocalles_at_gmail_com_examplesAppDelegate.m */ = {isa = PBXFileReference; lastKnownFileType = sourcecode.c.objc; path = ocalles_at_gmail_com_examplesAppDelegate.m; sourceTree = "<group>"; };
		97BADDD418435957004AAE2B /* Default.png */ = {isa = PBXFileReference; lastKnownFileType = image.png; path = Default.png; sourceTree = "<group>"; };
		97BADDD618435957004AAE2B /* Default@2x.png */ = {isa = PBXFileReference; lastKnownFileType = image.png; path = "Default@2x.png"; sourceTree = "<group>"; };
		97BADDD818435957004AAE2B /* Default-568h@2x.png */ = {isa = PBXFileReference; lastKnownFileType = image.png; path = "Default-568h@2x.png"; sourceTree = "<group>"; };
		97BADDDA18435957004AAE2B /* ocalles_at_gmail_com_examplesViewController.h */ = {isa = PBXFileReference; lastKnownFileType = sourcecode.c.h; path = ocalles_at_gmail_com_examplesViewController.h; sourceTree = "<group>"; };
		97BADDDB18435957004AAE2B /* ocalles_at_gmail_com_examplesViewController.m */ = {isa = PBXFileReference; lastKnownFileType = sourcecode.c.objc; path = ocalles_at_gmail_com_examplesViewController.m; sourceTree = "<group>"; };
		97BADDDE18435957004AAE2B /* en */ = {isa = PBXFileReference; lastKnownFileType = file.xib; name = en; path = en.lproj/ocalles_at_gmail_com_examplesViewController.xib; sourceTree = "<group>"; };
/* End PBXFileReference section */

/* Begin PBXFrameworksBuildPhase section */
		97BADDBC18435957004AAE2B /* Frameworks */ = {
			isa = PBXFrameworksBuildPhase;
			buildActionMask = 2147483647;
			files = (
				97BADDC318435957004AAE2B /* UIKit.framework in Frameworks */,
				97BADDC518435957004AAE2B /* Foundation.framework in Frameworks */,
				97BADDC718435957004AAE2B /* CoreGraphics.framework in Frameworks */,
			);
			runOnlyForDeploymentPostprocessing = 0;
		};
/* End PBXFrameworksBuildPhase section */

/* Begin PBXGroup section */
		97BADDB618435957004AAE2B = {
			isa = PBXGroup;
			children = (
				97BADDC818435957004AAE2B /* GitHubExample */,
				97BADDC118435957004AAE2B /* Frameworks */,
				97BADDC018435957004AAE2B /* Products */,
			);
			sourceTree = "<group>";
		};
		97BADDC018435957004AAE2B /* Products */ = {
			isa = PBXGroup;
			children = (
				97BADDBF18435957004AAE2B /* GitHubExample.app */,
			);
			name = Products;
			sourceTree = "<group>";
		};
		97BADDC118435957004AAE2B /* Frameworks */ = {
			isa = PBXGroup;
			children = (
				97BADDC218435957004AAE2B /* UIKit.framework */,
				97BADDC418435957004AAE2B /* Foundation.framework */,
				97BADDC618435957004AAE2B /* CoreGraphics.framework */,
			);
			name = Frameworks;
			sourceTree = "<group>";
		};
		97BADDC818435957004AAE2B /* GitHubExample */ = {
			isa = PBXGroup;
			children = (
				97BADDD118435957004AAE2B /* ocalles_at_gmail_com_examplesAppDelegate.h */,
				97BADDD218435957004AAE2B /* ocalles_at_gmail_com_examplesAppDelegate.m */,
				97BADDDA18435957004AAE2B /* ocalles_at_gmail_com_examplesViewController.h */,
				97BADDDB18435957004AAE2B /* ocalles_at_gmail_com_examplesViewController.m */,
				97BADDDD18435957004AAE2B /* ocalles_at_gmail_com_examplesViewController.xib */,
				97BADDC918435957004AAE2B /* Supporting Files */,
			);
			path = GitHubExample;
			sourceTree = "<group>";
		};
		97BADDC918435957004AAE2B /* Supporting Files */ = {
			isa = PBXGroup;
			children = (
				97BADDCA18435957004AAE2B /* GitHubExample-Info.plist */,
				97BADDCB18435957004AAE2B /* InfoPlist.strings */,
				97BADDCE18435957004AAE2B /* main.m */,
				97BADDD018435957004AAE2B /* GitHubExample-Prefix.pch */,
				97BADDD418435957004AAE2B /* Default.png */,
				97BADDD618435957004AAE2B /* Default@2x.png */,
				97BADDD818435957004AAE2B /* Default-568h@2x.png */,
			);
			name = "Supporting Files";
			sourceTree = "<group>";
		};
/* End PBXGroup section */

/* Begin PBXNativeTarget section */
		97BADDBE18435957004AAE2B /* GitHubExample */ = {
			isa = PBXNativeTarget;
			buildConfigurationList = 97BADDE218435957004AAE2B /* Build configuration list for PBXNativeTarget "GitHubExample" */;
			buildPhases = (
				97BADDBB18435957004AAE2B /* Sources */,
				97BADDBC18435957004AAE2B /* Frameworks */,
				97BADDBD18435957004AAE2B /* Resources */,
			);
			buildRules = (
			);
			dependencies = (
			);
			name = GitHubExample;
			productName = GitHubExample;
			productReference = 97BADDBF18435957004AAE2B /* GitHubExample.app */;
			productType = "com.apple.product-type.application";
		};
/* End PBXNativeTarget section */

/* Begin PBXProject section */
		97BADDB718435957004AAE2B /* Project object */ = {
			isa = PBXProject;
			attributes = {
				CLASSPREFIX = ocalles.at.gmail.com.examples;
				LastUpgradeCheck = 0460;
				ORGANIZATIONNAME = ocalles;
			};
			buildConfigurationList = 97BADDBA18435957004AAE2B /* Build configuration list for PBXProject "GitHubExample" */;
			compatibilityVersion = "Xcode 3.2";
			developmentRegion = English;
			hasScannedForEncodings = 0;
			knownRegions = (
				en,
			);
			mainGroup = 97BADDB618435957004AAE2B;
			productRefGroup = 97BADDC018435957004AAE2B /* Products */;
			projectDirPath = "";
			projectRoot = "";
			targets = (
				97BADDBE18435957004AAE2B /* GitHubExample */,
			);
		};
/* End PBXProject section */

/* Begin PBXResourcesBuildPhase section */
		97BADDBD18435957004AAE2B /* Resources */ = {
			isa = PBXResourcesBuildPhase;
			buildActionMask = 2147483647;
			files = (
				97BADDCD18435957004AAE2B /* InfoPlist.strings in Resources */,
				97BADDD518435957004AAE2B /* Default.png in Resources */,
				97BADDD718435957004AAE2B /* Default@2x.png in Resources */,
				97BADDD918435957004AAE2B /* Default-568h@2x.png in Resources */,
				97BADDDF18435957004AAE2B /* ocalles_at_gmail_com_examplesViewController.xib in Resources */,
			);
			runOnlyForDeploymentPostprocessing = 0;
		};
/* End PBXResourcesBuildPhase section */

/* Begin PBXSourcesBuildPhase section */
		97BADDBB18435957004AAE2B /* Sources */ = {
			isa = PBXSourcesBuildPhase;
			buildActionMask = 2147483647;
			files = (
				97BADDCF18435957004AAE2B /* main.m in Sources */,
				97BADDD318435957004AAE2B /* ocalles_at_gmail_com_examplesAppDelegate.m in Sources */,
				97BADDDC18435957004AAE2B /* ocalles_at_gmail_com_examplesViewController.m in Sources */,
			);
			runOnlyForDeploymentPostprocessing = 0;
		};
/* End PBXSourcesBuildPhase section */

/* Begin PBXVariantGroup section */
		97BADDCB18435957004AAE2B /* InfoPlist.strings */ = {
			isa = PBXVariantGroup;
			children = (
				97BADDCC18435957004AAE2B /* en */,
			);
			name = InfoPlist.strings;
			sourceTree = "<group>";
		};
		97BADDDD18435957004AAE2B /* ocalles_at_gmail_com_examplesViewController.xib */ = {
			isa = PBXVariantGroup;
			children = (
				97BADDDE18435957004AAE2B /* en */,
			);
			name = ocalles_at_gmail_com_examplesViewController.xib;
			sourceTree = "<group>";
		};
/* End PBXVariantGroup section */

/* Begin XCBuildConfiguration section */
		97BADDE018435957004AAE2B /* Debug */ = {
			isa = XCBuildConfiguration;
			buildSettings = {
				ALWAYS_SEARCH_USER_PATHS = NO;
				CLANG_CXX_LANGUAGE_STANDARD = "gnu++0x";
				CLANG_CXX_LIBRARY = "libc++";
				CLANG_WARN_CONSTANT_CONVERSION = YES;
				CLANG_WARN_EMPTY_BODY = YES;
				CLANG_WARN_ENUM_CONVERSION = YES;
				CLANG_WARN_INT_CONVERSION = YES;
				CLANG_WARN__DUPLICATE_METHOD_MATCH = YES;
				"CODE_SIGN_IDENTITY[sdk=iphoneos*]" = "iPhone Developer";
				COPY_PHASE_STRIP = NO;
				GCC_C_LANGUAGE_STANDARD = gnu99;
				GCC_DYNAMIC_NO_PIC = NO;
				GCC_OPTIMIZATION_LEVEL = 0;
				GCC_PREPROCESSOR_DEFINITIONS = (
					"DEBUG=1",
					"$(inherited)",
				);
				GCC_SYMBOLS_PRIVATE_EXTERN = NO;
				GCC_WARN_ABOUT_RETURN_TYPE = YES;
				GCC_WARN_UNINITIALIZED_AUTOS = YES;
				GCC_WARN_UNUSED_VARIABLE = YES;
				IPHONEOS_DEPLOYMENT_TARGET = 6.1;
				ONLY_ACTIVE_ARCH = YES;
				SDKROOT = iphoneos;
				TARGETED_DEVICE_FAMILY = 2;
			};
			name = Debug;
		};
		97BADDE118435957004AAE2B /* Release */ = {
			isa = XCBuildConfiguration;
			buildSettings = {
				ALWAYS_SEARCH_USER_PATHS = NO;
				CLANG_CXX_LANGUAGE_STANDARD = "gnu++0x";
				CLANG_CXX_LIBRARY = "libc++";
				CLANG_WARN_CONSTANT_CONVERSION = YES;
				CLANG_WARN_EMPTY_BODY = YES;
				CLANG_WARN_ENUM_CONVERSION = YES;
				CLANG_WARN_INT_CONVERSION = YES;
				CLANG_WARN__DUPLICATE_METHOD_MATCH = YES;
				"CODE_SIGN_IDENTITY[sdk=iphoneos*]" = "iPhone Developer";
				COPY_PHASE_STRIP = YES;
				GCC_C_LANGUAGE_STANDARD = gnu99;
				GCC_WARN_ABOUT_RETURN_TYPE = YES;
				GCC_WARN_UNINITIALIZED_AUTOS = YES;
				GCC_WARN_UNUSED_VARIABLE = YES;
				IPHONEOS_DEPLOYMENT_TARGET = 6.1;
				OTHER_CFLAGS = "-DNS_BLOCK_ASSERTIONS=1";
				SDKROOT = iphoneos;
				TARGETED_DEVICE_FAMILY = 2;
				VALIDATE_PRODUCT = YES;
			};
			name = Release;
		};
		97BADDE318435957004AAE2B /* Debug */ = {
			isa = XCBuildConfiguration;
			buildSettings = {
				GCC_PRECOMPILE_PREFIX_HEADER = YES;
				GCC_PREFIX_HEADER = "GitHubExample/GitHubExample-Prefix.pch";
				INFOPLIST_FILE = "GitHubExample/GitHubExample-Info.plist";
				PRODUCT_NAME = "$(TARGET_NAME)";
				WRAPPER_EXTENSION = app;
			};
			name = Debug;
		};
		97BADDE418435957004AAE2B /* Release */ = {
			isa = XCBuildConfiguration;
			buildSettings = {
				GCC_PRECOMPILE_PREFIX_HEADER = YES;
				GCC_PREFIX_HEADER = "GitHubExample/GitHubExample-Prefix.pch";
				INFOPLIST_FILE = "GitHubExample/GitHubExample-Info.plist";
				PRODUCT_NAME = "$(TARGET_NAME)";
				WRAPPER_EXTENSION = app;
			};
			name = Release;
		};
/* End XCBuildConfiguration section */

/* Begin XCConfigurationList section */
		97BADDBA18435957004AAE2B /* Build configuration list for PBXProject "GitHubExample" */ = {
			isa = XCConfigurationList;
			buildConfigurations = (
				97BADDE018435957004AAE2B /* Debug */,
				97BADDE118435957004AAE2B /* Release */,
			);
			defaultConfigurationIsVisible = 0;
			defaultConfigurationName = Release;
		};
		97BADDE218435957004AAE2B /* Build configuration list for PBXNativeTarget "GitHubExample" */ = {
			isa = XCConfigurationList;
			buildConfigurations = (
				97BADDE318435957004AAE2B /* Debug */,
				97BADDE418435957004AAE2B /* Release */,
			);
			defaultConfigurationIsVisible = 0;
		};
/* End XCConfigurationList section */
	};
	rootObject = 97BADDB718435957004AAE2B /* Project object */;
}
