// !$*UTF8*$!
{
	archiveVersion = 1;
	classes = {
	};
	objectVersion = 46;
	objects = {

/* Begin PBXBuildFile section */
		2AEADF7617993031004E6DAB /* UIKit.framework in Frameworks */ = {isa = PBXBuildFile; fileRef = 2AEADF7517993031004E6DAB /* UIKit.framework */; };
		2AEADF7817993031004E6DAB /* Foundation.framework in Frameworks */ = {isa = PBXBuildFile; fileRef = 2AEADF7717993031004E6DAB /* Foundation.framework */; };
		2AEADF7A17993031004E6DAB /* CoreGraphics.framework in Frameworks */ = {isa = PBXBuildFile; fileRef = 2AEADF7917993031004E6DAB /* CoreGraphics.framework */; };
		2AEADF8017993031004E6DAB /* InfoPlist.strings in Resources */ = {isa = PBXBuildFile; fileRef = 2AEADF7E17993031004E6DAB /* InfoPlist.strings */; };
		2AEADF8217993031004E6DAB /* main.m in Sources */ = {isa = PBXBuildFile; fileRef = 2AEADF8117993031004E6DAB /* main.m */; };
		2AEADF8617993031004E6DAB /* WhasaAppDelegate.m in Sources */ = {isa = PBXBuildFile; fileRef = 2AEADF8517993031004E6DAB /* WhasaAppDelegate.m */; };
		2AEADF8817993032004E6DAB /* Default.png in Resources */ = {isa = PBXBuildFile; fileRef = 2AEADF8717993032004E6DAB /* Default.png */; };
		2AEADF8A17993032004E6DAB /* Default@2x.png in Resources */ = {isa = PBXBuildFile; fileRef = 2AEADF8917993032004E6DAB /* Default@2x.png */; };
		2AEADF8C17993032004E6DAB /* Default-568h@2x.png in Resources */ = {isa = PBXBuildFile; fileRef = 2AEADF8B17993032004E6DAB /* Default-568h@2x.png */; };
		2AEADF8F17993032004E6DAB /* MainStoryboard.storyboard in Resources */ = {isa = PBXBuildFile; fileRef = 2AEADF8D17993032004E6DAB /* MainStoryboard.storyboard */; };
		2AEADF9217993032004E6DAB /* WhasaViewController.m in Sources */ = {isa = PBXBuildFile; fileRef = 2AEADF9117993032004E6DAB /* WhasaViewController.m */; };
		2AEADF9A17993135004E6DAB /* AddressBook.framework in Frameworks */ = {isa = PBXBuildFile; fileRef = 2AEADF9817993135004E6DAB /* AddressBook.framework */; };
		2AEADF9B17993135004E6DAB /* AddressBookUI.framework in Frameworks */ = {isa = PBXBuildFile; fileRef = 2AEADF9917993135004E6DAB /* AddressBookUI.framework */; };
		97783574179D04E00074FB65 /* Chat.m in Sources */ = {isa = PBXBuildFile; fileRef = 97783570179D04E00074FB65 /* Chat.m */; };
		97783575179D04E00074FB65 /* Message.m in Sources */ = {isa = PBXBuildFile; fileRef = 97783571179D04E00074FB65 /* Message.m */; };
		97783576179D04E00074FB65 /* ReceiveMessage.m in Sources */ = {isa = PBXBuildFile; fileRef = 97783572179D04E00074FB65 /* ReceiveMessage.m */; };
		97783577179D04E00074FB65 /* SendMessage.m in Sources */ = {isa = PBXBuildFile; fileRef = 97783573179D04E00074FB65 /* SendMessage.m */; };
/* End PBXBuildFile section */

/* Begin PBXFileReference section */
		2AEADF7217993031004E6DAB /* TestContacts.app */ = {isa = PBXFileReference; explicitFileType = wrapper.application; includeInIndex = 0; path = TestContacts.app; sourceTree = BUILT_PRODUCTS_DIR; };
		2AEADF7517993031004E6DAB /* UIKit.framework */ = {isa = PBXFileReference; lastKnownFileType = wrapper.framework; name = UIKit.framework; path = System/Library/Frameworks/UIKit.framework; sourceTree = SDKROOT; };
		2AEADF7717993031004E6DAB /* Foundation.framework */ = {isa = PBXFileReference; lastKnownFileType = wrapper.framework; name = Foundation.framework; path = System/Library/Frameworks/Foundation.framework; sourceTree = SDKROOT; };
		2AEADF7917993031004E6DAB /* CoreGraphics.framework */ = {isa = PBXFileReference; lastKnownFileType = wrapper.framework; name = CoreGraphics.framework; path = System/Library/Frameworks/CoreGraphics.framework; sourceTree = SDKROOT; };
		2AEADF7D17993031004E6DAB /* TestContacts-Info.plist */ = {isa = PBXFileReference; lastKnownFileType = text.plist.xml; path = "TestContacts-Info.plist"; sourceTree = "<group>"; };
		2AEADF7F17993031004E6DAB /* en */ = {isa = PBXFileReference; lastKnownFileType = text.plist.strings; name = en; path = en.lproj/InfoPlist.strings; sourceTree = "<group>"; };
		2AEADF8117993031004E6DAB /* main.m */ = {isa = PBXFileReference; lastKnownFileType = sourcecode.c.objc; path = main.m; sourceTree = "<group>"; };
		2AEADF8317993031004E6DAB /* TestContacts-Prefix.pch */ = {isa = PBXFileReference; lastKnownFileType = sourcecode.c.h; path = "TestContacts-Prefix.pch"; sourceTree = "<group>"; };
		2AEADF8417993031004E6DAB /* WhasaAppDelegate.h */ = {isa = PBXFileReference; lastKnownFileType = sourcecode.c.h; path = WhasaAppDelegate.h; sourceTree = "<group>"; };
		2AEADF8517993031004E6DAB /* WhasaAppDelegate.m */ = {isa = PBXFileReference; lastKnownFileType = sourcecode.c.objc; path = WhasaAppDelegate.m; sourceTree = "<group>"; };
		2AEADF8717993032004E6DAB /* Default.png */ = {isa = PBXFileReference; lastKnownFileType = image.png; path = Default.png; sourceTree = "<group>"; };
		2AEADF8917993032004E6DAB /* Default@2x.png */ = {isa = PBXFileReference; lastKnownFileType = image.png; path = "Default@2x.png"; sourceTree = "<group>"; };
		2AEADF8B17993032004E6DAB /* Default-568h@2x.png */ = {isa = PBXFileReference; lastKnownFileType = image.png; path = "Default-568h@2x.png"; sourceTree = "<group>"; };
		2AEADF8E17993032004E6DAB /* en */ = {isa = PBXFileReference; lastKnownFileType = file.storyboard; name = en; path = en.lproj/MainStoryboard.storyboard; sourceTree = "<group>"; };
		2AEADF9017993032004E6DAB /* WhasaViewController.h */ = {isa = PBXFileReference; lastKnownFileType = sourcecode.c.h; path = WhasaViewController.h; sourceTree = "<group>"; };
		2AEADF9117993032004E6DAB /* WhasaViewController.m */ = {isa = PBXFileReference; lastKnownFileType = sourcecode.c.objc; path = WhasaViewController.m; sourceTree = "<group>"; };
		2AEADF9817993135004E6DAB /* AddressBook.framework */ = {isa = PBXFileReference; lastKnownFileType = wrapper.framework; name = AddressBook.framework; path = System/Library/Frameworks/AddressBook.framework; sourceTree = SDKROOT; };
		2AEADF9917993135004E6DAB /* AddressBookUI.framework */ = {isa = PBXFileReference; lastKnownFileType = wrapper.framework; name = AddressBookUI.framework; path = System/Library/Frameworks/AddressBookUI.framework; sourceTree = SDKROOT; };
		9778356C179D04E00074FB65 /* Chat.h */ = {isa = PBXFileReference; fileEncoding = 4; lastKnownFileType = sourcecode.c.h; path = Chat.h; sourceTree = "<group>"; };
		9778356D179D04E00074FB65 /* Message.h */ = {isa = PBXFileReference; fileEncoding = 4; lastKnownFileType = sourcecode.c.h; path = Message.h; sourceTree = "<group>"; };
		9778356E179D04E00074FB65 /* ReceiveMessage.h */ = {isa = PBXFileReference; fileEncoding = 4; lastKnownFileType = sourcecode.c.h; path = ReceiveMessage.h; sourceTree = "<group>"; };
		9778356F179D04E00074FB65 /* SendMessage.h */ = {isa = PBXFileReference; fileEncoding = 4; lastKnownFileType = sourcecode.c.h; path = SendMessage.h; sourceTree = "<group>"; };
		97783570179D04E00074FB65 /* Chat.m */ = {isa = PBXFileReference; fileEncoding = 4; lastKnownFileType = sourcecode.c.objc; path = Chat.m; sourceTree = "<group>"; };
		97783571179D04E00074FB65 /* Message.m */ = {isa = PBXFileReference; fileEncoding = 4; lastKnownFileType = sourcecode.c.objc; path = Message.m; sourceTree = "<group>"; };
		97783572179D04E00074FB65 /* ReceiveMessage.m */ = {isa = PBXFileReference; fileEncoding = 4; lastKnownFileType = sourcecode.c.objc; path = ReceiveMessage.m; sourceTree = "<group>"; };
		97783573179D04E00074FB65 /* SendMessage.m */ = {isa = PBXFileReference; fileEncoding = 4; lastKnownFileType = sourcecode.c.objc; path = SendMessage.m; sourceTree = "<group>"; };
/* End PBXFileReference section */

/* Begin PBXFrameworksBuildPhase section */
		2AEADF6F17993031004E6DAB /* Frameworks */ = {
			isa = PBXFrameworksBuildPhase;
			buildActionMask = 2147483647;
			files = (
				2AEADF9A17993135004E6DAB /* AddressBook.framework in Frameworks */,
				2AEADF9B17993135004E6DAB /* AddressBookUI.framework in Frameworks */,
				2AEADF7617993031004E6DAB /* UIKit.framework in Frameworks */,
				2AEADF7817993031004E6DAB /* Foundation.framework in Frameworks */,
				2AEADF7A17993031004E6DAB /* CoreGraphics.framework in Frameworks */,
			);
			runOnlyForDeploymentPostprocessing = 0;
		};
/* End PBXFrameworksBuildPhase section */

/* Begin PBXGroup section */
		2AEADF6917993031004E6DAB = {
			isa = PBXGroup;
			children = (
				2AEADF7B17993031004E6DAB /* TestContacts */,
				2AEADF7417993031004E6DAB /* Frameworks */,
				2AEADF7317993031004E6DAB /* Products */,
			);
			sourceTree = "<group>";
		};
		2AEADF7317993031004E6DAB /* Products */ = {
			isa = PBXGroup;
			children = (
				2AEADF7217993031004E6DAB /* TestContacts.app */,
			);
			name = Products;
			sourceTree = "<group>";
		};
		2AEADF7417993031004E6DAB /* Frameworks */ = {
			isa = PBXGroup;
			children = (
				2AEADF9817993135004E6DAB /* AddressBook.framework */,
				2AEADF9917993135004E6DAB /* AddressBookUI.framework */,
				2AEADF7517993031004E6DAB /* UIKit.framework */,
				2AEADF7717993031004E6DAB /* Foundation.framework */,
				2AEADF7917993031004E6DAB /* CoreGraphics.framework */,
			);
			name = Frameworks;
			sourceTree = "<group>";
		};
		2AEADF7B17993031004E6DAB /* TestContacts */ = {
			isa = PBXGroup;
			children = (
				9778356B179D04BD0074FB65 /* Model */,
				2AEADF8417993031004E6DAB /* WhasaAppDelegate.h */,
				2AEADF8517993031004E6DAB /* WhasaAppDelegate.m */,
				2AEADF8D17993032004E6DAB /* MainStoryboard.storyboard */,
				2AEADF9017993032004E6DAB /* WhasaViewController.h */,
				2AEADF9117993032004E6DAB /* WhasaViewController.m */,
				2AEADF7C17993031004E6DAB /* Supporting Files */,
			);
			path = TestContacts;
			sourceTree = "<group>";
		};
		2AEADF7C17993031004E6DAB /* Supporting Files */ = {
			isa = PBXGroup;
			children = (
				2AEADF7D17993031004E6DAB /* TestContacts-Info.plist */,
				2AEADF7E17993031004E6DAB /* InfoPlist.strings */,
				2AEADF8117993031004E6DAB /* main.m */,
				2AEADF8317993031004E6DAB /* TestContacts-Prefix.pch */,
				2AEADF8717993032004E6DAB /* Default.png */,
				2AEADF8917993032004E6DAB /* Default@2x.png */,
				2AEADF8B17993032004E6DAB /* Default-568h@2x.png */,
			);
			name = "Supporting Files";
			sourceTree = "<group>";
		};
		9778356B179D04BD0074FB65 /* Model */ = {
			isa = PBXGroup;
			children = (
				9778356C179D04E00074FB65 /* Chat.h */,
				9778356D179D04E00074FB65 /* Message.h */,
				9778356E179D04E00074FB65 /* ReceiveMessage.h */,
				9778356F179D04E00074FB65 /* SendMessage.h */,
				97783570179D04E00074FB65 /* Chat.m */,
				97783571179D04E00074FB65 /* Message.m */,
				97783572179D04E00074FB65 /* ReceiveMessage.m */,
				97783573179D04E00074FB65 /* SendMessage.m */,
			);
			name = Model;
			sourceTree = "<group>";
		};
/* End PBXGroup section */

/* Begin PBXNativeTarget section */
		2AEADF7117993031004E6DAB /* TestContacts */ = {
			isa = PBXNativeTarget;
			buildConfigurationList = 2AEADF9517993032004E6DAB /* Build configuration list for PBXNativeTarget "TestContacts" */;
			buildPhases = (
				2AEADF6E17993031004E6DAB /* Sources */,
				2AEADF6F17993031004E6DAB /* Frameworks */,
				2AEADF7017993031004E6DAB /* Resources */,
			);
			buildRules = (
			);
			dependencies = (
			);
			name = TestContacts;
			productName = TestContacts;
			productReference = 2AEADF7217993031004E6DAB /* TestContacts.app */;
			productType = "com.apple.product-type.application";
		};
/* End PBXNativeTarget section */

/* Begin PBXProject section */
		2AEADF6A17993031004E6DAB /* Project object */ = {
			isa = PBXProject;
			attributes = {
				CLASSPREFIX = Whasa;
				LastUpgradeCheck = 0460;
				ORGANIZATIONNAME = corenetworks;
			};
			buildConfigurationList = 2AEADF6D17993031004E6DAB /* Build configuration list for PBXProject "TestContacts" */;
			compatibilityVersion = "Xcode 3.2";
			developmentRegion = English;
			hasScannedForEncodings = 0;
			knownRegions = (
				en,
			);
			mainGroup = 2AEADF6917993031004E6DAB;
			productRefGroup = 2AEADF7317993031004E6DAB /* Products */;
			projectDirPath = "";
			projectRoot = "";
			targets = (
				2AEADF7117993031004E6DAB /* TestContacts */,
			);
		};
/* End PBXProject section */

/* Begin PBXResourcesBuildPhase section */
		2AEADF7017993031004E6DAB /* Resources */ = {
			isa = PBXResourcesBuildPhase;
			buildActionMask = 2147483647;
			files = (
				2AEADF8017993031004E6DAB /* InfoPlist.strings in Resources */,
				2AEADF8817993032004E6DAB /* Default.png in Resources */,
				2AEADF8A17993032004E6DAB /* Default@2x.png in Resources */,
				2AEADF8C17993032004E6DAB /* Default-568h@2x.png in Resources */,
				2AEADF8F17993032004E6DAB /* MainStoryboard.storyboard in Resources */,
			);
			runOnlyForDeploymentPostprocessing = 0;
		};
/* End PBXResourcesBuildPhase section */

/* Begin PBXSourcesBuildPhase section */
		2AEADF6E17993031004E6DAB /* Sources */ = {
			isa = PBXSourcesBuildPhase;
			buildActionMask = 2147483647;
			files = (
				2AEADF8217993031004E6DAB /* main.m in Sources */,
				2AEADF8617993031004E6DAB /* WhasaAppDelegate.m in Sources */,
				2AEADF9217993032004E6DAB /* WhasaViewController.m in Sources */,
				97783574179D04E00074FB65 /* Chat.m in Sources */,
				97783575179D04E00074FB65 /* Message.m in Sources */,
				97783576179D04E00074FB65 /* ReceiveMessage.m in Sources */,
				97783577179D04E00074FB65 /* SendMessage.m in Sources */,
			);
			runOnlyForDeploymentPostprocessing = 0;
		};
/* End PBXSourcesBuildPhase section */

/* Begin PBXVariantGroup section */
		2AEADF7E17993031004E6DAB /* InfoPlist.strings */ = {
			isa = PBXVariantGroup;
			children = (
				2AEADF7F17993031004E6DAB /* en */,
			);
			name = InfoPlist.strings;
			sourceTree = "<group>";
		};
		2AEADF8D17993032004E6DAB /* MainStoryboard.storyboard */ = {
			isa = PBXVariantGroup;
			children = (
				2AEADF8E17993032004E6DAB /* en */,
			);
			name = MainStoryboard.storyboard;
			sourceTree = "<group>";
		};
/* End PBXVariantGroup section */

/* Begin XCBuildConfiguration section */
		2AEADF9317993032004E6DAB /* Debug */ = {
			isa = XCBuildConfiguration;
			buildSettings = {
				ALWAYS_SEARCH_USER_PATHS = NO;
				CLANG_CXX_LANGUAGE_STANDARD = "gnu++0x";
				CLANG_CXX_LIBRARY = "libc++";
				CLANG_ENABLE_OBJC_ARC = YES;
				CLANG_WARN_CONSTANT_CONVERSION = YES;
				CLANG_WARN_EMPTY_BODY = YES;
				CLANG_WARN_ENUM_CONVERSION = YES;
				CLANG_WARN_INT_CONVERSION = YES;
				CLANG_WARN__DUPLICATE_METHOD_MATCH = YES;
				"CODE_SIGN_IDENTITY[sdk=iphoneos*]" = "iPhone Developer";
				COPY_PHASE_STRIP = NO;
				GCC_C_LANGUAGE_STANDARD = gnu99;
				GCC_DYNAMIC_NO_PIC = NO;
				GCC_OPTIMIZATION_LEVEL = 0;
				GCC_PREPROCESSOR_DEFINITIONS = (
					"DEBUG=1",
					"$(inherited)",
				);
				GCC_SYMBOLS_PRIVATE_EXTERN = NO;
				GCC_WARN_ABOUT_RETURN_TYPE = YES;
				GCC_WARN_UNINITIALIZED_AUTOS = YES;
				GCC_WARN_UNUSED_VARIABLE = YES;
				IPHONEOS_DEPLOYMENT_TARGET = 6.1;
				ONLY_ACTIVE_ARCH = YES;
				SDKROOT = iphoneos;
			};
			name = Debug;
		};
		2AEADF9417993032004E6DAB /* Release */ = {
			isa = XCBuildConfiguration;
			buildSettings = {
				ALWAYS_SEARCH_USER_PATHS = NO;
				CLANG_CXX_LANGUAGE_STANDARD = "gnu++0x";
				CLANG_CXX_LIBRARY = "libc++";
				CLANG_ENABLE_OBJC_ARC = YES;
				CLANG_WARN_CONSTANT_CONVERSION = YES;
				CLANG_WARN_EMPTY_BODY = YES;
				CLANG_WARN_ENUM_CONVERSION = YES;
				CLANG_WARN_INT_CONVERSION = YES;
				CLANG_WARN__DUPLICATE_METHOD_MATCH = YES;
				"CODE_SIGN_IDENTITY[sdk=iphoneos*]" = "iPhone Developer";
				COPY_PHASE_STRIP = YES;
				GCC_C_LANGUAGE_STANDARD = gnu99;
				GCC_WARN_ABOUT_RETURN_TYPE = YES;
				GCC_WARN_UNINITIALIZED_AUTOS = YES;
				GCC_WARN_UNUSED_VARIABLE = YES;
				IPHONEOS_DEPLOYMENT_TARGET = 6.1;
				OTHER_CFLAGS = "-DNS_BLOCK_ASSERTIONS=1";
				SDKROOT = iphoneos;
				VALIDATE_PRODUCT = YES;
			};
			name = Release;
		};
		2AEADF9617993032004E6DAB /* Debug */ = {
			isa = XCBuildConfiguration;
			buildSettings = {
				GCC_PRECOMPILE_PREFIX_HEADER = YES;
				GCC_PREFIX_HEADER = "TestContacts/TestContacts-Prefix.pch";
				INFOPLIST_FILE = "TestContacts/TestContacts-Info.plist";
				PRODUCT_NAME = "$(TARGET_NAME)";
				WRAPPER_EXTENSION = app;
			};
			name = Debug;
		};
		2AEADF9717993032004E6DAB /* Release */ = {
			isa = XCBuildConfiguration;
			buildSettings = {
				GCC_PRECOMPILE_PREFIX_HEADER = YES;
				GCC_PREFIX_HEADER = "TestContacts/TestContacts-Prefix.pch";
				INFOPLIST_FILE = "TestContacts/TestContacts-Info.plist";
				PRODUCT_NAME = "$(TARGET_NAME)";
				WRAPPER_EXTENSION = app;
			};
			name = Release;
		};
/* End XCBuildConfiguration section */

/* Begin XCConfigurationList section */
		2AEADF6D17993031004E6DAB /* Build configuration list for PBXProject "TestContacts" */ = {
			isa = XCConfigurationList;
			buildConfigurations = (
				2AEADF9317993032004E6DAB /* Debug */,
				2AEADF9417993032004E6DAB /* Release */,
			);
			defaultConfigurationIsVisible = 0;
			defaultConfigurationName = Release;
		};
		2AEADF9517993032004E6DAB /* Build configuration list for PBXNativeTarget "TestContacts" */ = {
			isa = XCConfigurationList;
			buildConfigurations = (
				2AEADF9617993032004E6DAB /* Debug */,
				2AEADF9717993032004E6DAB /* Release */,
			);
			defaultConfigurationIsVisible = 0;
			defaultConfigurationName = Release;
		};
/* End XCConfigurationList section */
	};
	rootObject = 2AEADF6A17993031004E6DAB /* Project object */;
}
